
Microsoft Visual Studio Solution File, Format Version 12.00
# Visual Studio Version 17
VisualStudioVersion = 17.2.32526.322
MinimumVisualStudioVersion = 10.0.40219.1
Project("{FAE04EC0-301F-11D3-BF4B-00C04F79EFBC}") = "SignalR", "SignalR\SignalR.csproj", "{BB06BD51-F943-43F4-A57A-0DFF730B7B57}"
EndProject
Global
	GlobalSection(SolutionConfigurationPlatforms) = preSolution
		Debug|Any CPU = Debug|Any CPU
		Release|Any CPU = Release|Any CPU
	EndGlobalSection
	GlobalSection(ProjectConfigurationPlatforms) = postSolution
		{BB06BD51-F943-43F4-A57A-0DFF730B7B57}.Debug|Any CPU.ActiveCfg = Debug|Any CPU
		{BB06BD51-F943-43F4-A57A-0DFF730B7B57}.Debug|Any CPU.Build.0 = Debug|Any CPU
		{BB06BD51-F943-43F4-A57A-0DFF730B7B57}.Release|Any CPU.ActiveCfg = Release|Any CPU
		{BB06BD51-F943-43F4-A57A-0DFF730B7B57}.Release|Any CPU.Build.0 = Release|Any CPU
	EndGlobalSection
	GlobalSection(SolutionProperties) = preSolution
		HideSolutionNode = FALSE
	EndGlobalSection
	GlobalSection(ExtensibilityGlobals) = postSolution
		SolutionGuid = {51F11063-28E7-4ECD-9211-E251D5752F64}
	EndGlobalSection
EndGlobal
